
Microsoft Visual Studio Solution File, Format Version 12.00
# Visual Studio Version 16
VisualStudioVersion = 16.0.30114.105
MinimumVisualStudioVersion = 10.0.40219.1
Project("{FAE04EC0-301F-11D3-BF4B-00C04F79EFBC}") = "Events", "Events\Events.csproj", "{8B53F493-26F8-49F3-96FA-904D0A2ECE82}"
EndProject
Project("{FAE04EC0-301F-11D3-BF4B-00C04F79EFBC}") = "Generics", "Generics\Generics.csproj", "{9DAFD62F-31B3-44E5-AF38-3180852A9D39}"
EndProject
Global
	GlobalSection(SolutionConfigurationPlatforms) = preSolution
		Debug|Any CPU = Debug|Any CPU
		Release|Any CPU = Release|Any CPU
	EndGlobalSection
	GlobalSection(ProjectConfigurationPlatforms) = postSolution
		{8B53F493-26F8-49F3-96FA-904D0A2ECE82}.Debug|Any CPU.ActiveCfg = Debug|Any CPU
		{8B53F493-26F8-49F3-96FA-904D0A2ECE82}.Debug|Any CPU.Build.0 = Debug|Any CPU
		{8B53F493-26F8-49F3-96FA-904D0A2ECE82}.Release|Any CPU.ActiveCfg = Release|Any CPU
		{8B53F493-26F8-49F3-96FA-904D0A2ECE82}.Release|Any CPU.Build.0 = Release|Any CPU
		{9DAFD62F-31B3-44E5-AF38-3180852A9D39}.Debug|Any CPU.ActiveCfg = Debug|Any CPU
		{9DAFD62F-31B3-44E5-AF38-3180852A9D39}.Debug|Any CPU.Build.0 = Debug|Any CPU
		{9DAFD62F-31B3-44E5-AF38-3180852A9D39}.Release|Any CPU.ActiveCfg = Release|Any CPU
		{9DAFD62F-31B3-44E5-AF38-3180852A9D39}.Release|Any CPU.Build.0 = Release|Any CPU
	EndGlobalSection
	GlobalSection(SolutionProperties) = preSolution
		HideSolutionNode = FALSE
	EndGlobalSection
	GlobalSection(ExtensibilityGlobals) = postSolution
		SolutionGuid = {4DB8C103-E6AE-4ECE-8053-B1D09213380E}
	EndGlobalSection
EndGlobal
